
Microsoft Visual Studio Solution File, Format Version 12.00
# Visual Studio 15
VisualStudioVersion = 15.0.27130.2036
MinimumVisualStudioVersion = 10.0.40219.1
Project("{FAE04EC0-301F-11D3-BF4B-00C04F79EFBC}") = "GenericPenaltyCalculation", "GenericPenaltyCalculation\GenericPenaltyCalculation.csproj", "{76575D6F-6C8E-4CC0-8C7E-A453E0E3D769}"
EndProject
Project("{FAE04EC0-301F-11D3-BF4B-00C04F79EFBC}") = "LibraryBusiness", "LibraryBusiness\LibraryBusiness.csproj", "{A0F9A604-5C48-4193-89BD-1514AF713C18}"
EndProject
Global
	GlobalSection(SolutionConfigurationPlatforms) = preSolution
		Debug|Any CPU = Debug|Any CPU
		Release|Any CPU = Release|Any CPU
	EndGlobalSection
	GlobalSection(ProjectConfigurationPlatforms) = postSolution
		{76575D6F-6C8E-4CC0-8C7E-A453E0E3D769}.Debug|Any CPU.ActiveCfg = Debug|Any CPU
		{76575D6F-6C8E-4CC0-8C7E-A453E0E3D769}.Debug|Any CPU.Build.0 = Debug|Any CPU
		{76575D6F-6C8E-4CC0-8C7E-A453E0E3D769}.Release|Any CPU.ActiveCfg = Release|Any CPU
		{76575D6F-6C8E-4CC0-8C7E-A453E0E3D769}.Release|Any CPU.Build.0 = Release|Any CPU
		{A0F9A604-5C48-4193-89BD-1514AF713C18}.Debug|Any CPU.ActiveCfg = Debug|Any CPU
		{A0F9A604-5C48-4193-89BD-1514AF713C18}.Debug|Any CPU.Build.0 = Debug|Any CPU
		{A0F9A604-5C48-4193-89BD-1514AF713C18}.Release|Any CPU.ActiveCfg = Release|Any CPU
		{A0F9A604-5C48-4193-89BD-1514AF713C18}.Release|Any CPU.Build.0 = Release|Any CPU
	EndGlobalSection
	GlobalSection(SolutionProperties) = preSolution
		HideSolutionNode = FALSE
	EndGlobalSection
	GlobalSection(ExtensibilityGlobals) = postSolution
		SolutionGuid = {99D896FA-50FC-4E05-858B-1906448CB930}
	EndGlobalSection
EndGlobal
